
Microsoft Visual Studio Solution File, Format Version 12.00
# Visual Studio 15
VisualStudioVersion = 15.0.27703.2026
MinimumVisualStudioVersion = 10.0.40219.1
Project("{FAE04EC0-301F-11D3-BF4B-00C04F79EFBC}") = "butterflow-ui", "butterflow-ui.csproj", "{19F7E2B7-9C06-4A10-8AA2-BD0DD5ABB9C4}"
EndProject
Project("{930C7802-8A8C-48F9-8165-68863BCCD9DD}") = "butterflow-ui.setup", "..\butterflow-ui.setup\butterflow-ui.setup.wixproj", "{3CF49318-3C4A-40AD-9E0C-8940BC3BE4F9}"
EndProject
Global
	GlobalSection(SolutionConfigurationPlatforms) = preSolution
		Debug|Any CPU = Debug|Any CPU
		Debug|x86 = Debug|x86
		Release|Any CPU = Release|Any CPU
		Release|x86 = Release|x86
	EndGlobalSection
	GlobalSection(ProjectConfigurationPlatforms) = postSolution
		{19F7E2B7-9C06-4A10-8AA2-BD0DD5ABB9C4}.Debug|Any CPU.ActiveCfg = Debug|Any CPU
		{19F7E2B7-9C06-4A10-8AA2-BD0DD5ABB9C4}.Debug|Any CPU.Build.0 = Debug|Any CPU
		{19F7E2B7-9C06-4A10-8AA2-BD0DD5ABB9C4}.Debug|x86.ActiveCfg = Debug|Any CPU
		{19F7E2B7-9C06-4A10-8AA2-BD0DD5ABB9C4}.Debug|x86.Build.0 = Debug|Any CPU
		{19F7E2B7-9C06-4A10-8AA2-BD0DD5ABB9C4}.Release|Any CPU.ActiveCfg = Release|Any CPU
		{19F7E2B7-9C06-4A10-8AA2-BD0DD5ABB9C4}.Release|Any CPU.Build.0 = Release|Any CPU
		{19F7E2B7-9C06-4A10-8AA2-BD0DD5ABB9C4}.Release|x86.ActiveCfg = Release|Any CPU
		{19F7E2B7-9C06-4A10-8AA2-BD0DD5ABB9C4}.Release|x86.Build.0 = Release|Any CPU
		{3CF49318-3C4A-40AD-9E0C-8940BC3BE4F9}.Debug|Any CPU.ActiveCfg = Debug|x86
		{3CF49318-3C4A-40AD-9E0C-8940BC3BE4F9}.Debug|x86.ActiveCfg = Debug|x86
		{3CF49318-3C4A-40AD-9E0C-8940BC3BE4F9}.Debug|x86.Build.0 = Debug|x86
		{3CF49318-3C4A-40AD-9E0C-8940BC3BE4F9}.Release|Any CPU.ActiveCfg = Release|x86
		{3CF49318-3C4A-40AD-9E0C-8940BC3BE4F9}.Release|x86.ActiveCfg = Release|x86
		{3CF49318-3C4A-40AD-9E0C-8940BC3BE4F9}.Release|x86.Build.0 = Release|x86
	EndGlobalSection
	GlobalSection(SolutionProperties) = preSolution
		HideSolutionNode = FALSE
	EndGlobalSection
	GlobalSection(ExtensibilityGlobals) = postSolution
		SolutionGuid = {FA5BD307-6E22-4502-B8DB-A32D01C75019}
	EndGlobalSection
EndGlobal
